
Microsoft Visual Studio Solution File, Format Version 10.00
# Visual Studio 2008
Project("{8BC9CEB8-8B4A-11D0-8D11-00A0C91BC942}") = "SURF_experiment", "SURF_experiment\SURF_experiment.vcproj", "{DBFC9BE8-6939-47B0-AFEB-E5D0F87B9B06}"
EndProject
Global
	GlobalSection(SolutionConfigurationPlatforms) = preSolution
		Debug|Win32 = Debug|Win32
		Release|Win32 = Release|Win32
	EndGlobalSection
	GlobalSection(ProjectConfigurationPlatforms) = postSolution
		{DBFC9BE8-6939-47B0-AFEB-E5D0F87B9B06}.Debug|Win32.ActiveCfg = Debug|Win32
		{DBFC9BE8-6939-47B0-AFEB-E5D0F87B9B06}.Debug|Win32.Build.0 = Debug|Win32
		{DBFC9BE8-6939-47B0-AFEB-E5D0F87B9B06}.Release|Win32.ActiveCfg = Release|Win32
		{DBFC9BE8-6939-47B0-AFEB-E5D0F87B9B06}.Release|Win32.Build.0 = Release|Win32
	EndGlobalSection
	GlobalSection(SolutionProperties) = preSolution
		HideSolutionNode = FALSE
	EndGlobalSection
EndGlobal
