
Microsoft Visual Studio Solution File, Format Version 10.00
# Visual Studio 2008
Project("{8BC9CEB8-8B4A-11D0-8D11-00A0C91BC942}") = "SIFT_prof", "SIFT_prof\SIFT_prof.vcproj", "{3E393623-412F-423B-AD08-B6E7F0CBBA5E}"
EndProject
Project("{8BC9CEB8-8B4A-11D0-8D11-00A0C91BC942}") = "SIFT_2", "SIFT_2\SIFT_2.vcproj", "{7E06ED07-4829-4D09-A343-BAB1B2826316}"
EndProject
Global
	GlobalSection(SolutionConfigurationPlatforms) = preSolution
		Debug|Win32 = Debug|Win32
		Release|Win32 = Release|Win32
	EndGlobalSection
	GlobalSection(ProjectConfigurationPlatforms) = postSolution
		{3E393623-412F-423B-AD08-B6E7F0CBBA5E}.Debug|Win32.ActiveCfg = Debug|Win32
		{3E393623-412F-423B-AD08-B6E7F0CBBA5E}.Debug|Win32.Build.0 = Debug|Win32
		{3E393623-412F-423B-AD08-B6E7F0CBBA5E}.Release|Win32.ActiveCfg = Release|Win32
		{3E393623-412F-423B-AD08-B6E7F0CBBA5E}.Release|Win32.Build.0 = Release|Win32
		{7E06ED07-4829-4D09-A343-BAB1B2826316}.Debug|Win32.ActiveCfg = Debug|Win32
		{7E06ED07-4829-4D09-A343-BAB1B2826316}.Debug|Win32.Build.0 = Debug|Win32
		{7E06ED07-4829-4D09-A343-BAB1B2826316}.Release|Win32.ActiveCfg = Release|Win32
		{7E06ED07-4829-4D09-A343-BAB1B2826316}.Release|Win32.Build.0 = Release|Win32
	EndGlobalSection
	GlobalSection(SolutionProperties) = preSolution
		HideSolutionNode = FALSE
	EndGlobalSection
EndGlobal
